{
  "nodes": {
    "mediatek-mt7927-dkms": {
      "flake": false,
      "locked": {
        "lastModified": 1772746095,
        "narHash": "sha256-DOYIXjx1OunuDLVxBiD1H2w3aZHRKn1wwWAERw9uRlo=",
        "owner": "jetm",
        "repo": "mediatek-mt7927-dkms",
        "rev": "4e5e48e714a84c57d0e795130b240de3e47f477c",
        "type": "github"
      },
      "original": {
        "owner": "jetm",
        "repo": "mediatek-mt7927-dkms",
        "type": "github"
      }
    },
    "nixpkgs": {
      "locked": {
        "lastModified": 1772624091,
        "narHash": "sha256-QKyJ0QGWBn6r0invrMAK8dmJoBYWoOWy7lN+UHzW1jc=",
        "owner": "NixOS",
        "repo": "nixpkgs",
        "rev": "80bdc1e5ce51f56b19791b52b2901187931f5353",
        "type": "github"
      },
      "original": {
        "owner": "NixOS",
        "ref": "nixos-unstable",
        "repo": "nixpkgs",
        "type": "github"
      }
    },
    "root": {
      "inputs": {
        "mediatek-mt7927-dkms": "mediatek-mt7927-dkms",
        "nixpkgs": "nixpkgs"
      }
    }
  },
  "root": "root",
  "version": 7
}
